{
  "version": 4,
  "terraform_version": "0.13.3",
  "serial": 21,
  "lineage": "b6793326-e085-8993-2da7-82b7ef4ed38a",
  "outputs": {},
  "resources": [
    {
      "mode": "managed",
      "type": "aws_ecs_cluster",
      "name": "app",
      "provider": "provider[\"registry.terraform.io/hashicorp/aws\"]",
      "instances": [
        {
          "schema_version": 0,
          "attributes": {
            "arn": "arn:aws:ecs:us-west-2:372063237374:cluster/ecs_cluster",
            "capacity_providers": null,
            "default_capacity_provider_strategy": [],
            "id": "arn:aws:ecs:us-west-2:372063237374:cluster/ecs_cluster",
            "name": "ecs_cluster",
            "setting": [
              {
                "name": "containerInsights",
                "value": "disabled"
              }
            ],
            "tags": null
          },
          "private": "bnVsbA=="
        }
      ]
    },
    {
      "mode": "managed",
      "type": "aws_ecs_task_definition",
      "name": "app",
      "provider": "provider[\"registry.terraform.io/hashicorp/aws\"]",
      "instances": [
        {
          "schema_version": 1,
          "attributes": {
            "arn": "arn:aws:ecs:us-west-2:372063237374:task-definition/ecs_cluster:3",
            "container_definitions": "[{\"cpu\":0,\"environment\":[],\"essential\":true,\"image\":\"372063237374.dkr.ecr.us-west-2.amazonaws.com/pushpak:latest\",\"mountPoints\":[],\"name\":\"dash_app\",\"portMappings\":[{\"containerPort\":8080,\"hostPort\":8050,\"protocol\":\"tcp\"}],\"volumesFrom\":[]}]",
            "cpu": "",
            "execution_role_arn": "",
            "family": "ecs_cluster",
            "id": "ecs_cluster",
            "inference_accelerator": [],
            "ipc_mode": "",
            "memory": "512",
            "network_mode": "",
            "pid_mode": "",
            "placement_constraints": [],
            "proxy_configuration": [],
            "requires_compatibilities": [
              "EC2"
            ],
            "revision": 3,
            "tags": null,
            "task_role_arn": "",
            "volume": []
          },
          "private": "eyJzY2hlbWFfdmVyc2lvbiI6IjEifQ=="
        }
      ]
    },
    {
      "mode": "managed",
      "type": "aws_instance",
      "name": "ec2_example",
      "provider": "provider[\"registry.terraform.io/hashicorp/aws\"]",
      "instances": [
        {
          "schema_version": 1,
          "attributes": {
            "ami": "ami-830c94e3",
            "arn": "arn:aws:ec2:us-west-2:372063237374:instance/i-0f3186a817117ba37",
            "associate_public_ip_address": true,
            "availability_zone": "us-west-2c",
            "cpu_core_count": 1,
            "cpu_threads_per_core": 1,
            "credit_specification": [
              {
                "cpu_credits": "standard"
              }
            ],
            "disable_api_termination": false,
            "ebs_block_device": [],
            "ebs_optimized": false,
            "ephemeral_block_device": [],
            "get_password_data": false,
            "hibernation": false,
            "host_id": null,
            "iam_instance_profile": "",
            "id": "i-0f3186a817117ba37",
            "instance_initiated_shutdown_behavior": null,
            "instance_state": "running",
            "instance_type": "t2.micro",
            "ipv6_address_count": 0,
            "ipv6_addresses": [],
            "key_name": "",
            "metadata_options": [
              {
                "http_endpoint": "enabled",
                "http_put_response_hop_limit": 1,
                "http_tokens": "optional"
              }
            ],
            "monitoring": false,
            "network_interface": [],
            "outpost_arn": "",
            "password_data": "",
            "placement_group": "",
            "primary_network_interface_id": "eni-0093a82e077c31ecf",
            "private_dns": "ip-172-31-5-78.us-west-2.compute.internal",
            "private_ip": "172.31.5.78",
            "public_dns": "ec2-52-13-238-69.us-west-2.compute.amazonaws.com",
            "public_ip": "52.13.238.69",
            "root_block_device": [
              {
                "delete_on_termination": true,
                "device_name": "/dev/sda1",
                "encrypted": false,
                "iops": 0,
                "kms_key_id": "",
                "volume_id": "vol-04ffa6aa20b65b5d7",
                "volume_size": 8,
                "volume_type": "standard"
              }
            ],
            "secondary_private_ips": [],
            "security_groups": [
              "default"
            ],
            "source_dest_check": true,
            "subnet_id": "subnet-187cd345",
            "tags": null,
            "tenancy": "default",
            "timeouts": null,
            "user_data": null,
            "user_data_base64": null,
            "volume_tags": {},
            "vpc_security_group_ids": [
              "sg-a1cadc8b"
            ]
          },
          "private": "eyJlMmJmYjczMC1lY2FhLTExZTYtOGY4OC0zNDM2M2JjN2M0YzAiOnsiY3JlYXRlIjo2MDAwMDAwMDAwMDAsImRlbGV0ZSI6MTIwMDAwMDAwMDAwMCwidXBkYXRlIjo2MDAwMDAwMDAwMDB9LCJzY2hlbWFfdmVyc2lvbiI6IjEifQ=="
        }
      ]
    }
  ]
}
